{
    "name": "MMM-IconSchedule",
    "version": "1.0.0",
    "lockfileVersion": 3,
    "requires": true,
    "packages": {
        "": {
            "name": "MMM-IconSchedule",
            "version": "1.0.0",
            "license": "MIT",
            "dependencies": {
                "csv-parse": "^4.6.3",
                "fs": "0.0.1-security",
                "install": "^0.12.2",
                "moment": "^2.29.4"
            }
        },
        "node_modules/csv-parse": {
            "version": "4.16.3",
            "resolved": "https://registry.npmjs.org/csv-parse/-/csv-parse-4.16.3.tgz",
            "integrity": "sha512-cO1I/zmz4w2dcKHVvpCr7JVRu8/FymG5OEpmvsZYlccYolPBLoVGKUHgNoc4ZGkFeFlWGEDmMyBM+TTqRdW/wg==",
            "license": "MIT"
        },
        "node_modules/fs": {
            "version": "0.0.1-security",
            "resolved": "https://registry.npmjs.org/fs/-/fs-0.0.1-security.tgz",
            "integrity": "sha512-3XY9e1pP0CVEUCdj5BmfIZxRBTSDycnbqhIOGec9QYtmVH2fbLpj86CFWkrNOkt/Fvty4KZG5lTglL9j/gJ87w==",
            "license": "ISC"
        },
        "node_modules/install": {
            "version": "0.12.2",
            "resolved": "https://registry.npmjs.org/install/-/install-0.12.2.tgz",
            "integrity": "sha512-+7thTb4Rpvs9mnlhHKGZFJbGOO6kyMgy+gg0sgM5vFzIFK0wrCYXqdlaM71Bi289DTuPHf61puMFsaZBcwDIrg==",
            "license": "MIT",
            "engines": {
                "node": ">= 0.10"
            }
        },
        "node_modules/moment": {
            "version": "2.30.1",
            "resolved": "https://registry.npmjs.org/moment/-/moment-2.30.1.tgz",
            "integrity": "sha512-uEmtNhbDOrWPFS+hdjFCBfy9f2YoyzRpwcl+DqpC6taX21FzsTLQVbMV/W7PzNSX6x/bhC1zA3c2UQ5NzH6how==",
            "license": "MIT",
            "engines": {
                "node": "*"
            }
        }
    }
}
